
Microsoft Visual Studio Solution File, Format Version 12.00
# Visual Studio Version 17
VisualStudioVersion = 17.5.33516.290
MinimumVisualStudioVersion = 10.0.40219.1
Project("{9A19103F-16F7-4668-BE54-9A1E7A4F7556}") = "YQ.Server", "YQ.Server\YQ.Server.csproj", "{4F43D85B-934F-47D2-9F20-DB490D2BAD79}"
EndProject
Project("{2150E333-8FDC-42A3-9474-1A3956D46DE8}") = "YQ.Client", "YQ.Client", "{B361F4A9-7983-4A97-B967-D97102AC83B2}"
EndProject
Project("{2150E333-8FDC-42A3-9474-1A3956D46DE8}") = "Modules", "Modules", "{91FD2F96-F23F-4BF1-AA43-9EDDDF13F115}"
EndProject
Project("{2150E333-8FDC-42A3-9474-1A3956D46DE8}") = "YQ.Tool", "YQ.Tool", "{607EE463-AE8B-4830-A377-23722DA6C37D}"
EndProject
Project("{9A19103F-16F7-4668-BE54-9A1E7A4F7556}") = "YQ.UI", "YQ.UI\YQ.UI.csproj", "{FDD4663B-A116-4389-B47F-A815887C443F}"
EndProject
Project("{9A19103F-16F7-4668-BE54-9A1E7A4F7556}") = "YQ.Tool", "YQ.Tool\YQ.Tool.csproj", "{A00C0270-A006-4B6E-A1D8-97EEC4548089}"
EndProject
Project("{9A19103F-16F7-4668-BE54-9A1E7A4F7556}") = "YQ.FunctionModule", "YQ.FunctionModule\YQ.FunctionModule.csproj", "{B003C201-DA69-4448-886A-BA600BFEB6BA}"
EndProject
Project("{9A19103F-16F7-4668-BE54-9A1E7A4F7556}") = "YQ.Parsing", "YQ.Parsing\YQ.Parsing.csproj", "{18CE7F4F-4A95-4CBE-B8D8-47F8FD24B38D}"
EndProject
Project("{9A19103F-16F7-4668-BE54-9A1E7A4F7556}") = "YQ.FreeSQL", "YQ.FreeSQL\YQ.FreeSQL.csproj", "{412842B1-9AAD-4B27-93D7-19845CFF1FDA}"
EndProject
Project("{2150E333-8FDC-42A3-9474-1A3956D46DE8}") = "Test", "Test", "{4B9CD9C4-7AB4-44AE-94BD-006F0E54FA02}"
EndProject
Project("{9A19103F-16F7-4668-BE54-9A1E7A4F7556}") = "UdpTest", "UdpTest\UdpTest.csproj", "{D702D6BC-51C8-4EB9-AE47-37B42A78BAD0}"
EndProject
Project("{9A19103F-16F7-4668-BE54-9A1E7A4F7556}") = "JYTest", "JYTest\JYTest.csproj", "{765B0541-73DA-4592-ACEB-28FB010ABB52}"
EndProject
Project("{9A19103F-16F7-4668-BE54-9A1E7A4F7556}") = "ModbusTest", "ModbusTest\ModbusTest.csproj", "{8DFA3FA5-D41D-471E-BB44-AE30F269F065}"
EndProject
Project("{FAE04EC0-301F-11D3-BF4B-00C04F79EFBC}") = "GCHelper", "GCHelper\GCHelper.csproj", "{C0BFA408-A9F7-4580-992A-F26A87E95AF0}"
EndProject
Global
	GlobalSection(SolutionConfigurationPlatforms) = preSolution
		Debug|Any CPU = Debug|Any CPU
		Release|Any CPU = Release|Any CPU
	EndGlobalSection
	GlobalSection(ProjectConfigurationPlatforms) = postSolution
		{4F43D85B-934F-47D2-9F20-DB490D2BAD79}.Debug|Any CPU.ActiveCfg = Debug|Any CPU
		{4F43D85B-934F-47D2-9F20-DB490D2BAD79}.Debug|Any CPU.Build.0 = Debug|Any CPU
		{4F43D85B-934F-47D2-9F20-DB490D2BAD79}.Release|Any CPU.ActiveCfg = Release|Any CPU
		{4F43D85B-934F-47D2-9F20-DB490D2BAD79}.Release|Any CPU.Build.0 = Release|Any CPU
		{FDD4663B-A116-4389-B47F-A815887C443F}.Debug|Any CPU.ActiveCfg = Debug|Any CPU
		{FDD4663B-A116-4389-B47F-A815887C443F}.Debug|Any CPU.Build.0 = Debug|Any CPU
		{FDD4663B-A116-4389-B47F-A815887C443F}.Release|Any CPU.ActiveCfg = Release|Any CPU
		{FDD4663B-A116-4389-B47F-A815887C443F}.Release|Any CPU.Build.0 = Release|Any CPU
		{A00C0270-A006-4B6E-A1D8-97EEC4548089}.Debug|Any CPU.ActiveCfg = Debug|Any CPU
		{A00C0270-A006-4B6E-A1D8-97EEC4548089}.Debug|Any CPU.Build.0 = Debug|Any CPU
		{A00C0270-A006-4B6E-A1D8-97EEC4548089}.Release|Any CPU.ActiveCfg = Release|Any CPU
		{A00C0270-A006-4B6E-A1D8-97EEC4548089}.Release|Any CPU.Build.0 = Release|Any CPU
		{B003C201-DA69-4448-886A-BA600BFEB6BA}.Debug|Any CPU.ActiveCfg = Debug|Any CPU
		{B003C201-DA69-4448-886A-BA600BFEB6BA}.Debug|Any CPU.Build.0 = Debug|Any CPU
		{B003C201-DA69-4448-886A-BA600BFEB6BA}.Release|Any CPU.ActiveCfg = Release|Any CPU
		{B003C201-DA69-4448-886A-BA600BFEB6BA}.Release|Any CPU.Build.0 = Release|Any CPU
		{18CE7F4F-4A95-4CBE-B8D8-47F8FD24B38D}.Debug|Any CPU.ActiveCfg = Debug|Any CPU
		{18CE7F4F-4A95-4CBE-B8D8-47F8FD24B38D}.Debug|Any CPU.Build.0 = Debug|Any CPU
		{18CE7F4F-4A95-4CBE-B8D8-47F8FD24B38D}.Release|Any CPU.ActiveCfg = Release|Any CPU
		{18CE7F4F-4A95-4CBE-B8D8-47F8FD24B38D}.Release|Any CPU.Build.0 = Release|Any CPU
		{412842B1-9AAD-4B27-93D7-19845CFF1FDA}.Debug|Any CPU.ActiveCfg = Debug|Any CPU
		{412842B1-9AAD-4B27-93D7-19845CFF1FDA}.Debug|Any CPU.Build.0 = Debug|Any CPU
		{412842B1-9AAD-4B27-93D7-19845CFF1FDA}.Release|Any CPU.ActiveCfg = Release|Any CPU
		{412842B1-9AAD-4B27-93D7-19845CFF1FDA}.Release|Any CPU.Build.0 = Release|Any CPU
		{D702D6BC-51C8-4EB9-AE47-37B42A78BAD0}.Debug|Any CPU.ActiveCfg = Debug|Any CPU
		{D702D6BC-51C8-4EB9-AE47-37B42A78BAD0}.Debug|Any CPU.Build.0 = Debug|Any CPU
		{D702D6BC-51C8-4EB9-AE47-37B42A78BAD0}.Release|Any CPU.ActiveCfg = Release|Any CPU
		{D702D6BC-51C8-4EB9-AE47-37B42A78BAD0}.Release|Any CPU.Build.0 = Release|Any CPU
		{765B0541-73DA-4592-ACEB-28FB010ABB52}.Debug|Any CPU.ActiveCfg = Debug|Any CPU
		{765B0541-73DA-4592-ACEB-28FB010ABB52}.Debug|Any CPU.Build.0 = Debug|Any CPU
		{765B0541-73DA-4592-ACEB-28FB010ABB52}.Release|Any CPU.ActiveCfg = Release|Any CPU
		{765B0541-73DA-4592-ACEB-28FB010ABB52}.Release|Any CPU.Build.0 = Release|Any CPU
		{8DFA3FA5-D41D-471E-BB44-AE30F269F065}.Debug|Any CPU.ActiveCfg = Debug|Any CPU
		{8DFA3FA5-D41D-471E-BB44-AE30F269F065}.Debug|Any CPU.Build.0 = Debug|Any CPU
		{8DFA3FA5-D41D-471E-BB44-AE30F269F065}.Release|Any CPU.ActiveCfg = Release|Any CPU
		{8DFA3FA5-D41D-471E-BB44-AE30F269F065}.Release|Any CPU.Build.0 = Release|Any CPU
		{C0BFA408-A9F7-4580-992A-F26A87E95AF0}.Debug|Any CPU.ActiveCfg = Debug|Any CPU
		{C0BFA408-A9F7-4580-992A-F26A87E95AF0}.Debug|Any CPU.Build.0 = Debug|Any CPU
		{C0BFA408-A9F7-4580-992A-F26A87E95AF0}.Release|Any CPU.ActiveCfg = Release|Any CPU
		{C0BFA408-A9F7-4580-992A-F26A87E95AF0}.Release|Any CPU.Build.0 = Release|Any CPU
	EndGlobalSection
	GlobalSection(SolutionProperties) = preSolution
		HideSolutionNode = FALSE
	EndGlobalSection
	GlobalSection(NestedProjects) = preSolution
		{4F43D85B-934F-47D2-9F20-DB490D2BAD79} = {B361F4A9-7983-4A97-B967-D97102AC83B2}
		{91FD2F96-F23F-4BF1-AA43-9EDDDF13F115} = {B361F4A9-7983-4A97-B967-D97102AC83B2}
		{FDD4663B-A116-4389-B47F-A815887C443F} = {607EE463-AE8B-4830-A377-23722DA6C37D}
		{A00C0270-A006-4B6E-A1D8-97EEC4548089} = {607EE463-AE8B-4830-A377-23722DA6C37D}
		{B003C201-DA69-4448-886A-BA600BFEB6BA} = {91FD2F96-F23F-4BF1-AA43-9EDDDF13F115}
		{18CE7F4F-4A95-4CBE-B8D8-47F8FD24B38D} = {607EE463-AE8B-4830-A377-23722DA6C37D}
		{412842B1-9AAD-4B27-93D7-19845CFF1FDA} = {607EE463-AE8B-4830-A377-23722DA6C37D}
		{D702D6BC-51C8-4EB9-AE47-37B42A78BAD0} = {4B9CD9C4-7AB4-44AE-94BD-006F0E54FA02}
		{765B0541-73DA-4592-ACEB-28FB010ABB52} = {4B9CD9C4-7AB4-44AE-94BD-006F0E54FA02}
		{8DFA3FA5-D41D-471E-BB44-AE30F269F065} = {4B9CD9C4-7AB4-44AE-94BD-006F0E54FA02}
		{C0BFA408-A9F7-4580-992A-F26A87E95AF0} = {607EE463-AE8B-4830-A377-23722DA6C37D}
	EndGlobalSection
	GlobalSection(ExtensibilityGlobals) = postSolution
		SolutionGuid = {F1A20CE9-3095-4DC6-B36A-251B75D597BB}
	EndGlobalSection
EndGlobal
