
Microsoft Visual Studio Solution File, Format Version 12.00
# Visual Studio Version 17
VisualStudioVersion = 17.5.33516.290
MinimumVisualStudioVersion = 10.0.40219.1
Project("{9A19103F-16F7-4668-BE54-9A1E7A4F7556}") = "YQ.Server", "YQ.Server\YQ.Server.csproj", "{4F43D85B-934F-47D2-9F20-DB490D2BAD79}"
EndProject
Project("{2150E333-8FDC-42A3-9474-1A3956D46DE8}") = "YQ.Client", "YQ.Client", "{B361F4A9-7983-4A97-B967-D97102AC83B2}"
EndProject
Project("{2150E333-8FDC-42A3-9474-1A3956D46DE8}") = "Modules", "Modules", "{91FD2F96-F23F-4BF1-AA43-9EDDDF13F115}"
EndProject
Project("{2150E333-8FDC-42A3-9474-1A3956D46DE8}") = "YQ.Tool", "YQ.Tool", "{607EE463-AE8B-4830-A377-23722DA6C37D}"
EndProject
Project("{FAE04EC0-301F-11D3-BF4B-00C04F79EFBC}") = "YQ.UI", "YQ.UI\YQ.UI.csproj", "{FDD4663B-A116-4389-B47F-A815887C443F}"
EndProject
Global
	GlobalSection(SolutionConfigurationPlatforms) = preSolution
		Debug|Any CPU = Debug|Any CPU
		Release|Any CPU = Release|Any CPU
	EndGlobalSection
	GlobalSection(ProjectConfigurationPlatforms) = postSolution
		{4F43D85B-934F-47D2-9F20-DB490D2BAD79}.Debug|Any CPU.ActiveCfg = Debug|Any CPU
		{4F43D85B-934F-47D2-9F20-DB490D2BAD79}.Debug|Any CPU.Build.0 = Debug|Any CPU
		{4F43D85B-934F-47D2-9F20-DB490D2BAD79}.Release|Any CPU.ActiveCfg = Release|Any CPU
		{4F43D85B-934F-47D2-9F20-DB490D2BAD79}.Release|Any CPU.Build.0 = Release|Any CPU
		{FDD4663B-A116-4389-B47F-A815887C443F}.Debug|Any CPU.ActiveCfg = Debug|Any CPU
		{FDD4663B-A116-4389-B47F-A815887C443F}.Debug|Any CPU.Build.0 = Debug|Any CPU
		{FDD4663B-A116-4389-B47F-A815887C443F}.Release|Any CPU.ActiveCfg = Release|Any CPU
		{FDD4663B-A116-4389-B47F-A815887C443F}.Release|Any CPU.Build.0 = Release|Any CPU
	EndGlobalSection
	GlobalSection(SolutionProperties) = preSolution
		HideSolutionNode = FALSE
	EndGlobalSection
	GlobalSection(NestedProjects) = preSolution
		{4F43D85B-934F-47D2-9F20-DB490D2BAD79} = {B361F4A9-7983-4A97-B967-D97102AC83B2}
		{91FD2F96-F23F-4BF1-AA43-9EDDDF13F115} = {B361F4A9-7983-4A97-B967-D97102AC83B2}
		{FDD4663B-A116-4389-B47F-A815887C443F} = {607EE463-AE8B-4830-A377-23722DA6C37D}
	EndGlobalSection
	GlobalSection(ExtensibilityGlobals) = postSolution
		SolutionGuid = {F1A20CE9-3095-4DC6-B36A-251B75D597BB}
	EndGlobalSection
EndGlobal
